// !$*UTF8*$!
{
	archiveVersion = 1;
	classes = {
	};
	objectVersion = 46;
	objects = {

/* Begin PBXBuildFile section */
		5412C13019BAD426000A73AE /* TKDImageConverter.mm in Sources */ = {isa = PBXBuildFile; fileRef = 5412C12F19BAD426000A73AE /* TKDImageConverter.mm */; };
		545FF06719A9EAAD003B6681 /* TKDRecordTableViewController.m in Sources */ = {isa = PBXBuildFile; fileRef = 545FF06619A9EAAD003B6681 /* TKDRecordTableViewController.m */; };
		545FF06A19A9EB2C003B6681 /* TKDRecordDataSource.m in Sources */ = {isa = PBXBuildFile; fileRef = 545FF06919A9EB2C003B6681 /* TKDRecordDataSource.m */; };
		545FF06D19AA16E7003B6681 /* TKDNewRecordViewController.m in Sources */ = {isa = PBXBuildFile; fileRef = 545FF06C19AA16E7003B6681 /* TKDNewRecordViewController.m */; };
		548225381997377B00FA5BD0 /* TKDDepthEstimator.mm in Sources */ = {isa = PBXBuildFile; fileRef = 548225371997377B00FA5BD0 /* TKDDepthEstimator.mm */; };
		5482253B1997401400FA5BD0 /* TKDPreviewView.m in Sources */ = {isa = PBXBuildFile; fileRef = 5482253A1997401400FA5BD0 /* TKDPreviewView.m */; };
		5482254319975D3900FA5BD0 /* eigen in Resources */ = {isa = PBXBuildFile; fileRef = 5482253F19975D3900FA5BD0 /* eigen */; };
		5482254419975D3900FA5BD0 /* include in Resources */ = {isa = PBXBuildFile; fileRef = 5482254019975D3900FA5BD0 /* include */; };
		5482254D19975FAA00FA5BD0 /* bundle_adjustment.cpp in Sources */ = {isa = PBXBuildFile; fileRef = 5482254A19975FAA00FA5BD0 /* bundle_adjustment.cpp */; };
		5482254E19975FAA00FA5BD0 /* feature_tracking.cpp in Sources */ = {isa = PBXBuildFile; fileRef = 5482254B19975FAA00FA5BD0 /* feature_tracking.cpp */; };
		5482254F19975FAA00FA5BD0 /* plane_sweep.cpp in Sources */ = {isa = PBXBuildFile; fileRef = 5482254C19975FAA00FA5BD0 /* plane_sweep.cpp */; };
		5482255519975FC700FA5BD0 /* bipartitedensecrf.cpp in Sources */ = {isa = PBXBuildFile; fileRef = 5482255019975FC700FA5BD0 /* bipartitedensecrf.cpp */; };
		5482255619975FC700FA5BD0 /* densecrf.cpp in Sources */ = {isa = PBXBuildFile; fileRef = 5482255119975FC700FA5BD0 /* densecrf.cpp */; };
		5482255719975FC700FA5BD0 /* filter.cpp in Sources */ = {isa = PBXBuildFile; fileRef = 5482255219975FC700FA5BD0 /* filter.cpp */; };
		5482255819975FC700FA5BD0 /* permutohedral.cpp in Sources */ = {isa = PBXBuildFile; fileRef = 5482255319975FC700FA5BD0 /* permutohedral.cpp */; };
		5482255919975FC700FA5BD0 /* util.cpp in Sources */ = {isa = PBXBuildFile; fileRef = 5482255419975FC700FA5BD0 /* util.cpp */; };
		54971DD619AA26E70064E4F8 /* debug.cpp in Sources */ = {isa = PBXBuildFile; fileRef = 54971DD519AA26E70064E4F8 /* debug.cpp */; };
		54971DD919AC41240064E4F8 /* TKDRecordViewerViewController.m in Sources */ = {isa = PBXBuildFile; fileRef = 54971DD819AC41240064E4F8 /* TKDRecordViewerViewController.m */; };
		54C1653E19073AFF005E20F8 /* Foundation.framework in Frameworks */ = {isa = PBXBuildFile; fileRef = 54C1653D19073AFF005E20F8 /* Foundation.framework */; };
		54C1654019073AFF005E20F8 /* CoreGraphics.framework in Frameworks */ = {isa = PBXBuildFile; fileRef = 54C1653F19073AFF005E20F8 /* CoreGraphics.framework */; };
		54C1654219073AFF005E20F8 /* UIKit.framework in Frameworks */ = {isa = PBXBuildFile; fileRef = 54C1654119073AFF005E20F8 /* UIKit.framework */; };
		54C1654819073AFF005E20F8 /* InfoPlist.strings in Resources */ = {isa = PBXBuildFile; fileRef = 54C1654619073AFF005E20F8 /* InfoPlist.strings */; };
		54C1654A19073AFF005E20F8 /* main.m in Sources */ = {isa = PBXBuildFile; fileRef = 54C1654919073AFF005E20F8 /* main.m */; };
		54C1654E19073AFF005E20F8 /* TKDAppDelegate.m in Sources */ = {isa = PBXBuildFile; fileRef = 54C1654D19073AFF005E20F8 /* TKDAppDelegate.m */; };
		54C1655119073AFF005E20F8 /* Main.storyboard in Resources */ = {isa = PBXBuildFile; fileRef = 54C1654F19073AFF005E20F8 /* Main.storyboard */; };
		54C1655619073AFF005E20F8 /* Images.xcassets in Resources */ = {isa = PBXBuildFile; fileRef = 54C1655519073AFF005E20F8 /* Images.xcassets */; };
		54C1655D19073B00005E20F8 /* XCTest.framework in Frameworks */ = {isa = PBXBuildFile; fileRef = 54C1655C19073B00005E20F8 /* XCTest.framework */; };
		54C1655E19073B00005E20F8 /* Foundation.framework in Frameworks */ = {isa = PBXBuildFile; fileRef = 54C1653D19073AFF005E20F8 /* Foundation.framework */; };
		54C1655F19073B00005E20F8 /* UIKit.framework in Frameworks */ = {isa = PBXBuildFile; fileRef = 54C1654119073AFF005E20F8 /* UIKit.framework */; };
		54C1656719073B00005E20F8 /* InfoPlist.strings in Resources */ = {isa = PBXBuildFile; fileRef = 54C1656519073B00005E20F8 /* InfoPlist.strings */; };
		54C1656919073B00005E20F8 /* LensBlurTests.m in Sources */ = {isa = PBXBuildFile; fileRef = 54C1656819073B00005E20F8 /* LensBlurTests.m */; };
		54FB782619B5740A00BD5A5A /* LensBlur.storyboard in Resources */ = {isa = PBXBuildFile; fileRef = 54FB782519B5740A00BD5A5A /* LensBlur.storyboard */; };
		54FB782919B5750000BD5A5A /* TKDLensBlurCaptureViewController.m in Sources */ = {isa = PBXBuildFile; fileRef = 54FB782819B5750000BD5A5A /* TKDLensBlurCaptureViewController.m */; };
		54FB782E19B5D4E100BD5A5A /* TKDHowToUseGuide.m in Sources */ = {isa = PBXBuildFile; fileRef = 54FB782D19B5D4E100BD5A5A /* TKDHowToUseGuide.m */; };
		54FB783019B5D4F500BD5A5A /* TKDHowToUseGuide.xib in Resources */ = {isa = PBXBuildFile; fileRef = 54FB782F19B5D4F500BD5A5A /* TKDHowToUseGuide.xib */; };
		54FB783319B5D5AD00BD5A5A /* TKDGuideView.m in Sources */ = {isa = PBXBuildFile; fileRef = 54FB783219B5D5AD00BD5A5A /* TKDGuideView.m */; };
		54FB783619B5D6D800BD5A5A /* TKDCountDownGuide.m in Sources */ = {isa = PBXBuildFile; fileRef = 54FB783519B5D6D800BD5A5A /* TKDCountDownGuide.m */; };
		54FB783819B5D71700BD5A5A /* TKDCountDownGuide.xib in Resources */ = {isa = PBXBuildFile; fileRef = 54FB783719B5D71700BD5A5A /* TKDCountDownGuide.xib */; };
		54FB783B19B5E92700BD5A5A /* TKDLensBlurEditViewController.m in Sources */ = {isa = PBXBuildFile; fileRef = 54FB783A19B5E92700BD5A5A /* TKDLensBlurEditViewController.m */; };
		54FB785F19BAD04600BD5A5A /* refocus.cpp in Sources */ = {isa = PBXBuildFile; fileRef = 54FB785E19BAD04600BD5A5A /* refocus.cpp */; };
		54FB786219BAD06500BD5A5A /* TKDAsyncRefoucs.mm in Sources */ = {isa = PBXBuildFile; fileRef = 54FB786119BAD06500BD5A5A /* TKDAsyncRefoucs.mm */; };
		F17195FE04E7458894F756F4 /* libPods.a in Frameworks */ = {isa = PBXBuildFile; fileRef = 9161F61295AC46938A6786B2 /* libPods.a */; };
/* End PBXBuildFile section */

/* Begin PBXContainerItemProxy section */
		54C1656019073B00005E20F8 /* PBXContainerItemProxy */ = {
			isa = PBXContainerItemProxy;
			containerPortal = 54C1653219073AFF005E20F8 /* Project object */;
			proxyType = 1;
			remoteGlobalIDString = 54C1653919073AFF005E20F8;
			remoteInfo = LensBlur;
		};
/* End PBXContainerItemProxy section */

/* Begin PBXFileReference section */
		34823DE6731B465DA94B0273 /* Pods.xcconfig */ = {isa = PBXFileReference; includeInIndex = 1; lastKnownFileType = text.xcconfig; name = Pods.xcconfig; path = Pods/Pods.xcconfig; sourceTree = "<group>"; };
		5412C12E19BAD426000A73AE /* TKDImageConverter.h */ = {isa = PBXFileReference; fileEncoding = 4; lastKnownFileType = sourcecode.c.h; path = TKDImageConverter.h; sourceTree = "<group>"; };
		5412C12F19BAD426000A73AE /* TKDImageConverter.mm */ = {isa = PBXFileReference; fileEncoding = 4; lastKnownFileType = sourcecode.cpp.objcpp; path = TKDImageConverter.mm; sourceTree = "<group>"; };
		545FF06519A9EAAD003B6681 /* TKDRecordTableViewController.h */ = {isa = PBXFileReference; fileEncoding = 4; lastKnownFileType = sourcecode.c.h; path = TKDRecordTableViewController.h; sourceTree = "<group>"; };
		545FF06619A9EAAD003B6681 /* TKDRecordTableViewController.m */ = {isa = PBXFileReference; fileEncoding = 4; lastKnownFileType = sourcecode.c.objc; path = TKDRecordTableViewController.m; sourceTree = "<group>"; };
		545FF06819A9EB2C003B6681 /* TKDRecordDataSource.h */ = {isa = PBXFileReference; fileEncoding = 4; lastKnownFileType = sourcecode.c.h; path = TKDRecordDataSource.h; sourceTree = "<group>"; };
		545FF06919A9EB2C003B6681 /* TKDRecordDataSource.m */ = {isa = PBXFileReference; fileEncoding = 4; lastKnownFileType = sourcecode.c.objc; path = TKDRecordDataSource.m; sourceTree = "<group>"; };
		545FF06B19AA16E7003B6681 /* TKDNewRecordViewController.h */ = {isa = PBXFileReference; fileEncoding = 4; lastKnownFileType = sourcecode.c.h; path = TKDNewRecordViewController.h; sourceTree = "<group>"; };
		545FF06C19AA16E7003B6681 /* TKDNewRecordViewController.m */ = {isa = PBXFileReference; fileEncoding = 4; lastKnownFileType = sourcecode.c.objc; path = TKDNewRecordViewController.m; sourceTree = "<group>"; };
		548225361997377B00FA5BD0 /* TKDDepthEstimator.h */ = {isa = PBXFileReference; fileEncoding = 4; lastKnownFileType = sourcecode.c.h; path = TKDDepthEstimator.h; sourceTree = "<group>"; };
		548225371997377B00FA5BD0 /* TKDDepthEstimator.mm */ = {isa = PBXFileReference; fileEncoding = 4; lastKnownFileType = sourcecode.cpp.objcpp; path = TKDDepthEstimator.mm; sourceTree = "<group>"; };
		548225391997401400FA5BD0 /* TKDPreviewView.h */ = {isa = PBXFileReference; fileEncoding = 4; lastKnownFileType = sourcecode.c.h; path = TKDPreviewView.h; sourceTree = "<group>"; };
		5482253A1997401400FA5BD0 /* TKDPreviewView.m */ = {isa = PBXFileReference; fileEncoding = 4; lastKnownFileType = sourcecode.c.objc; path = TKDPreviewView.m; sourceTree = "<group>"; };
		5482253F19975D3900FA5BD0 /* eigen */ = {isa = PBXFileReference; lastKnownFileType = folder; name = eigen; path = lib/eigen; sourceTree = SOURCE_ROOT; };
		5482254019975D3900FA5BD0 /* include */ = {isa = PBXFileReference; lastKnownFileType = folder; name = include; path = lib/include; sourceTree = SOURCE_ROOT; };
		5482254A19975FAA00FA5BD0 /* bundle_adjustment.cpp */ = {isa = PBXFileReference; lastKnownFileType = sourcecode.cpp.cpp; name = bundle_adjustment.cpp; path = ../lib/src/bundle_adjustment.cpp; sourceTree = "<group>"; };
		5482254B19975FAA00FA5BD0 /* feature_tracking.cpp */ = {isa = PBXFileReference; lastKnownFileType = sourcecode.cpp.cpp; name = feature_tracking.cpp; path = ../lib/src/feature_tracking.cpp; sourceTree = "<group>"; };
		5482254C19975FAA00FA5BD0 /* plane_sweep.cpp */ = {isa = PBXFileReference; lastKnownFileType = sourcecode.cpp.cpp; name = plane_sweep.cpp; path = ../lib/src/plane_sweep.cpp; sourceTree = "<group>"; };
		5482255019975FC700FA5BD0 /* bipartitedensecrf.cpp */ = {isa = PBXFileReference; lastKnownFileType = sourcecode.cpp.cpp; name = bipartitedensecrf.cpp; path = ../lib/densecrf/bipartitedensecrf.cpp; sourceTree = "<group>"; };
		5482255119975FC700FA5BD0 /* densecrf.cpp */ = {isa = PBXFileReference; lastKnownFileType = sourcecode.cpp.cpp; name = densecrf.cpp; path = ../lib/densecrf/densecrf.cpp; sourceTree = "<group>"; };
		5482255219975FC700FA5BD0 /* filter.cpp */ = {isa = PBXFileReference; lastKnownFileType = sourcecode.cpp.cpp; name = filter.cpp; path = ../lib/densecrf/filter.cpp; sourceTree = "<group>"; };
		5482255319975FC700FA5BD0 /* permutohedral.cpp */ = {isa = PBXFileReference; lastKnownFileType = sourcecode.cpp.cpp; name = permutohedral.cpp; path = ../lib/densecrf/permutohedral.cpp; sourceTree = "<group>"; };
		5482255419975FC700FA5BD0 /* util.cpp */ = {isa = PBXFileReference; lastKnownFileType = sourcecode.cpp.cpp; name = util.cpp; path = ../lib/densecrf/util.cpp; sourceTree = "<group>"; };
		54971DD519AA26E70064E4F8 /* debug.cpp */ = {isa = PBXFileReference; fileEncoding = 4; lastKnownFileType = sourcecode.cpp.cpp; name = debug.cpp; path = lib/src/debug.cpp; sourceTree = SOURCE_ROOT; };
		54971DD719AC41240064E4F8 /* TKDRecordViewerViewController.h */ = {isa = PBXFileReference; fileEncoding = 4; lastKnownFileType = sourcecode.c.h; path = TKDRecordViewerViewController.h; sourceTree = "<group>"; };
		54971DD819AC41240064E4F8 /* TKDRecordViewerViewController.m */ = {isa = PBXFileReference; fileEncoding = 4; lastKnownFileType = sourcecode.c.objc; path = TKDRecordViewerViewController.m; sourceTree = "<group>"; };
		54C1653A19073AFF005E20F8 /* LensBlur.app */ = {isa = PBXFileReference; explicitFileType = wrapper.application; includeInIndex = 0; path = LensBlur.app; sourceTree = BUILT_PRODUCTS_DIR; };
		54C1653D19073AFF005E20F8 /* Foundation.framework */ = {isa = PBXFileReference; lastKnownFileType = wrapper.framework; name = Foundation.framework; path = System/Library/Frameworks/Foundation.framework; sourceTree = SDKROOT; };
		54C1653F19073AFF005E20F8 /* CoreGraphics.framework */ = {isa = PBXFileReference; lastKnownFileType = wrapper.framework; name = CoreGraphics.framework; path = System/Library/Frameworks/CoreGraphics.framework; sourceTree = SDKROOT; };
		54C1654119073AFF005E20F8 /* UIKit.framework */ = {isa = PBXFileReference; lastKnownFileType = wrapper.framework; name = UIKit.framework; path = System/Library/Frameworks/UIKit.framework; sourceTree = SDKROOT; };
		54C1654519073AFF005E20F8 /* LensBlur-Info.plist */ = {isa = PBXFileReference; lastKnownFileType = text.plist.xml; path = "LensBlur-Info.plist"; sourceTree = "<group>"; };
		54C1654719073AFF005E20F8 /* en */ = {isa = PBXFileReference; lastKnownFileType = text.plist.strings; name = en; path = en.lproj/InfoPlist.strings; sourceTree = "<group>"; };
		54C1654919073AFF005E20F8 /* main.m */ = {isa = PBXFileReference; lastKnownFileType = sourcecode.c.objc; path = main.m; sourceTree = "<group>"; };
		54C1654B19073AFF005E20F8 /* LensBlur-Prefix.pch */ = {isa = PBXFileReference; lastKnownFileType = sourcecode.c.h; path = "LensBlur-Prefix.pch"; sourceTree = "<group>"; };
		54C1654C19073AFF005E20F8 /* TKDAppDelegate.h */ = {isa = PBXFileReference; lastKnownFileType = sourcecode.c.h; path = TKDAppDelegate.h; sourceTree = "<group>"; };
		54C1654D19073AFF005E20F8 /* TKDAppDelegate.m */ = {isa = PBXFileReference; lastKnownFileType = sourcecode.c.objc; path = TKDAppDelegate.m; sourceTree = "<group>"; };
		54C1655019073AFF005E20F8 /* Base */ = {isa = PBXFileReference; lastKnownFileType = file.storyboard; name = Base; path = Base.lproj/Main.storyboard; sourceTree = "<group>"; };
		54C1655519073AFF005E20F8 /* Images.xcassets */ = {isa = PBXFileReference; lastKnownFileType = folder.assetcatalog; path = Images.xcassets; sourceTree = "<group>"; };
		54C1655B19073B00005E20F8 /* LensBlurTests.xctest */ = {isa = PBXFileReference; explicitFileType = wrapper.cfbundle; includeInIndex = 0; path = LensBlurTests.xctest; sourceTree = BUILT_PRODUCTS_DIR; };
		54C1655C19073B00005E20F8 /* XCTest.framework */ = {isa = PBXFileReference; lastKnownFileType = wrapper.framework; name = XCTest.framework; path = Library/Frameworks/XCTest.framework; sourceTree = DEVELOPER_DIR; };
		54C1656419073B00005E20F8 /* LensBlurTests-Info.plist */ = {isa = PBXFileReference; lastKnownFileType = text.plist.xml; path = "LensBlurTests-Info.plist"; sourceTree = "<group>"; };
		54C1656619073B00005E20F8 /* en */ = {isa = PBXFileReference; lastKnownFileType = text.plist.strings; name = en; path = en.lproj/InfoPlist.strings; sourceTree = "<group>"; };
		54C1656819073B00005E20F8 /* LensBlurTests.m */ = {isa = PBXFileReference; lastKnownFileType = sourcecode.c.objc; path = LensBlurTests.m; sourceTree = "<group>"; };
		54FB782519B5740A00BD5A5A /* LensBlur.storyboard */ = {isa = PBXFileReference; fileEncoding = 4; lastKnownFileType = file.storyboard; path = LensBlur.storyboard; sourceTree = "<group>"; };
		54FB782719B5750000BD5A5A /* TKDLensBlurCaptureViewController.h */ = {isa = PBXFileReference; fileEncoding = 4; lastKnownFileType = sourcecode.c.h; path = TKDLensBlurCaptureViewController.h; sourceTree = "<group>"; };
		54FB782819B5750000BD5A5A /* TKDLensBlurCaptureViewController.m */ = {isa = PBXFileReference; fileEncoding = 4; lastKnownFileType = sourcecode.c.objc; path = TKDLensBlurCaptureViewController.m; sourceTree = "<group>"; };
		54FB782C19B5D4E100BD5A5A /* TKDHowToUseGuide.h */ = {isa = PBXFileReference; fileEncoding = 4; lastKnownFileType = sourcecode.c.h; path = TKDHowToUseGuide.h; sourceTree = "<group>"; };
		54FB782D19B5D4E100BD5A5A /* TKDHowToUseGuide.m */ = {isa = PBXFileReference; fileEncoding = 4; lastKnownFileType = sourcecode.c.objc; path = TKDHowToUseGuide.m; sourceTree = "<group>"; };
		54FB782F19B5D4F500BD5A5A /* TKDHowToUseGuide.xib */ = {isa = PBXFileReference; fileEncoding = 4; lastKnownFileType = file.xib; path = TKDHowToUseGuide.xib; sourceTree = "<group>"; };
		54FB783119B5D5AD00BD5A5A /* TKDGuideView.h */ = {isa = PBXFileReference; fileEncoding = 4; lastKnownFileType = sourcecode.c.h; path = TKDGuideView.h; sourceTree = "<group>"; };
		54FB783219B5D5AD00BD5A5A /* TKDGuideView.m */ = {isa = PBXFileReference; fileEncoding = 4; lastKnownFileType = sourcecode.c.objc; path = TKDGuideView.m; sourceTree = "<group>"; };
		54FB783419B5D6D800BD5A5A /* TKDCountDownGuide.h */ = {isa = PBXFileReference; fileEncoding = 4; lastKnownFileType = sourcecode.c.h; path = TKDCountDownGuide.h; sourceTree = "<group>"; };
		54FB783519B5D6D800BD5A5A /* TKDCountDownGuide.m */ = {isa = PBXFileReference; fileEncoding = 4; lastKnownFileType = sourcecode.c.objc; path = TKDCountDownGuide.m; sourceTree = "<group>"; };
		54FB783719B5D71700BD5A5A /* TKDCountDownGuide.xib */ = {isa = PBXFileReference; fileEncoding = 4; lastKnownFileType = file.xib; path = TKDCountDownGuide.xib; sourceTree = "<group>"; };
		54FB783919B5E92700BD5A5A /* TKDLensBlurEditViewController.h */ = {isa = PBXFileReference; fileEncoding = 4; lastKnownFileType = sourcecode.c.h; path = TKDLensBlurEditViewController.h; sourceTree = "<group>"; };
		54FB783A19B5E92700BD5A5A /* TKDLensBlurEditViewController.m */ = {isa = PBXFileReference; fileEncoding = 4; lastKnownFileType = sourcecode.c.objc; path = TKDLensBlurEditViewController.m; sourceTree = "<group>"; };
		54FB785E19BAD04600BD5A5A /* refocus.cpp */ = {isa = PBXFileReference; fileEncoding = 4; lastKnownFileType = sourcecode.cpp.cpp; name = refocus.cpp; path = lib/src/refocus.cpp; sourceTree = SOURCE_ROOT; };
		54FB786019BAD06500BD5A5A /* TKDAsyncRefoucs.h */ = {isa = PBXFileReference; fileEncoding = 4; lastKnownFileType = sourcecode.c.h; path = TKDAsyncRefoucs.h; sourceTree = "<group>"; };
		54FB786119BAD06500BD5A5A /* TKDAsyncRefoucs.mm */ = {isa = PBXFileReference; fileEncoding = 4; lastKnownFileType = sourcecode.cpp.objcpp; path = TKDAsyncRefoucs.mm; sourceTree = "<group>"; };
		9161F61295AC46938A6786B2 /* libPods.a */ = {isa = PBXFileReference; explicitFileType = archive.ar; includeInIndex = 0; path = libPods.a; sourceTree = BUILT_PRODUCTS_DIR; };
/* End PBXFileReference section */

/* Begin PBXFrameworksBuildPhase section */
		54C1653719073AFF005E20F8 /* Frameworks */ = {
			isa = PBXFrameworksBuildPhase;
			buildActionMask = 2147483647;
			files = (
				54C1654019073AFF005E20F8 /* CoreGraphics.framework in Frameworks */,
				54C1654219073AFF005E20F8 /* UIKit.framework in Frameworks */,
				54C1653E19073AFF005E20F8 /* Foundation.framework in Frameworks */,
				F17195FE04E7458894F756F4 /* libPods.a in Frameworks */,
			);
			runOnlyForDeploymentPostprocessing = 0;
		};
		54C1655819073B00005E20F8 /* Frameworks */ = {
			isa = PBXFrameworksBuildPhase;
			buildActionMask = 2147483647;
			files = (
				54C1655D19073B00005E20F8 /* XCTest.framework in Frameworks */,
				54C1655F19073B00005E20F8 /* UIKit.framework in Frameworks */,
				54C1655E19073B00005E20F8 /* Foundation.framework in Frameworks */,
			);
			runOnlyForDeploymentPostprocessing = 0;
		};
/* End PBXFrameworksBuildPhase section */

/* Begin PBXGroup section */
		548225351997370700FA5BD0 /* DepthFromSequence */ = {
			isa = PBXGroup;
			children = (
				9A11A57A19976DF9007A1CB6 /* src */,
				5482253F19975D3900FA5BD0 /* eigen */,
				5482254019975D3900FA5BD0 /* include */,
				548225361997377B00FA5BD0 /* TKDDepthEstimator.h */,
				548225371997377B00FA5BD0 /* TKDDepthEstimator.mm */,
				5412C12E19BAD426000A73AE /* TKDImageConverter.h */,
				5412C12F19BAD426000A73AE /* TKDImageConverter.mm */,
				54FB786019BAD06500BD5A5A /* TKDAsyncRefoucs.h */,
				54FB786119BAD06500BD5A5A /* TKDAsyncRefoucs.mm */,
			);
			name = DepthFromSequence;
			sourceTree = "<group>";
		};
		54C1653119073AFF005E20F8 = {
			isa = PBXGroup;
			children = (
				54C1654319073AFF005E20F8 /* LensBlur */,
				54C1656219073B00005E20F8 /* LensBlurTests */,
				54C1653C19073AFF005E20F8 /* Frameworks */,
				54C1653B19073AFF005E20F8 /* Products */,
				34823DE6731B465DA94B0273 /* Pods.xcconfig */,
			);
			sourceTree = "<group>";
		};
		54C1653B19073AFF005E20F8 /* Products */ = {
			isa = PBXGroup;
			children = (
				54C1653A19073AFF005E20F8 /* LensBlur.app */,
				54C1655B19073B00005E20F8 /* LensBlurTests.xctest */,
			);
			name = Products;
			sourceTree = "<group>";
		};
		54C1653C19073AFF005E20F8 /* Frameworks */ = {
			isa = PBXGroup;
			children = (
				54C1653D19073AFF005E20F8 /* Foundation.framework */,
				54C1653F19073AFF005E20F8 /* CoreGraphics.framework */,
				54C1654119073AFF005E20F8 /* UIKit.framework */,
				54C1655C19073B00005E20F8 /* XCTest.framework */,
				9161F61295AC46938A6786B2 /* libPods.a */,
			);
			name = Frameworks;
			sourceTree = "<group>";
		};
		54C1654319073AFF005E20F8 /* LensBlur */ = {
			isa = PBXGroup;
			children = (
				54FB782A19B5751000BD5A5A /* Experiments */,
				548225351997370700FA5BD0 /* DepthFromSequence */,
				54C1654C19073AFF005E20F8 /* TKDAppDelegate.h */,
				54C1654D19073AFF005E20F8 /* TKDAppDelegate.m */,
				54C1654F19073AFF005E20F8 /* Main.storyboard */,
				54FB782519B5740A00BD5A5A /* LensBlur.storyboard */,
				54FB782B19B5D4C200BD5A5A /* Guide */,
				548225391997401400FA5BD0 /* TKDPreviewView.h */,
				5482253A1997401400FA5BD0 /* TKDPreviewView.m */,
				54C1655519073AFF005E20F8 /* Images.xcassets */,
				54C1654419073AFF005E20F8 /* Supporting Files */,
				54FB782719B5750000BD5A5A /* TKDLensBlurCaptureViewController.h */,
				54FB782819B5750000BD5A5A /* TKDLensBlurCaptureViewController.m */,
				54FB783919B5E92700BD5A5A /* TKDLensBlurEditViewController.h */,
				54FB783A19B5E92700BD5A5A /* TKDLensBlurEditViewController.m */,
			);
			path = LensBlur;
			sourceTree = "<group>";
		};
		54C1654419073AFF005E20F8 /* Supporting Files */ = {
			isa = PBXGroup;
			children = (
				54C1654519073AFF005E20F8 /* LensBlur-Info.plist */,
				54C1654619073AFF005E20F8 /* InfoPlist.strings */,
				54C1654919073AFF005E20F8 /* main.m */,
				54C1654B19073AFF005E20F8 /* LensBlur-Prefix.pch */,
			);
			name = "Supporting Files";
			sourceTree = "<group>";
		};
		54C1656219073B00005E20F8 /* LensBlurTests */ = {
			isa = PBXGroup;
			children = (
				54C1656819073B00005E20F8 /* LensBlurTests.m */,
				54C1656319073B00005E20F8 /* Supporting Files */,
			);
			path = LensBlurTests;
			sourceTree = "<group>";
		};
		54C1656319073B00005E20F8 /* Supporting Files */ = {
			isa = PBXGroup;
			children = (
				54C1656419073B00005E20F8 /* LensBlurTests-Info.plist */,
				54C1656519073B00005E20F8 /* InfoPlist.strings */,
			);
			name = "Supporting Files";
			sourceTree = "<group>";
		};
		54FB782A19B5751000BD5A5A /* Experiments */ = {
			isa = PBXGroup;
			children = (
				54971DD719AC41240064E4F8 /* TKDRecordViewerViewController.h */,
				54971DD819AC41240064E4F8 /* TKDRecordViewerViewController.m */,
				545FF06B19AA16E7003B6681 /* TKDNewRecordViewController.h */,
				545FF06C19AA16E7003B6681 /* TKDNewRecordViewController.m */,
				545FF06519A9EAAD003B6681 /* TKDRecordTableViewController.h */,
				545FF06619A9EAAD003B6681 /* TKDRecordTableViewController.m */,
				545FF06819A9EB2C003B6681 /* TKDRecordDataSource.h */,
				545FF06919A9EB2C003B6681 /* TKDRecordDataSource.m */,
			);
			name = Experiments;
			sourceTree = "<group>";
		};
		54FB782B19B5D4C200BD5A5A /* Guide */ = {
			isa = PBXGroup;
			children = (
				54FB783119B5D5AD00BD5A5A /* TKDGuideView.h */,
				54FB783219B5D5AD00BD5A5A /* TKDGuideView.m */,
				54FB782C19B5D4E100BD5A5A /* TKDHowToUseGuide.h */,
				54FB782D19B5D4E100BD5A5A /* TKDHowToUseGuide.m */,
				54FB782F19B5D4F500BD5A5A /* TKDHowToUseGuide.xib */,
				54FB783419B5D6D800BD5A5A /* TKDCountDownGuide.h */,
				54FB783519B5D6D800BD5A5A /* TKDCountDownGuide.m */,
				54FB783719B5D71700BD5A5A /* TKDCountDownGuide.xib */,
			);
			name = Guide;
			sourceTree = "<group>";
		};
		9A11A57A19976DF9007A1CB6 /* src */ = {
			isa = PBXGroup;
			children = (
				5482255019975FC700FA5BD0 /* bipartitedensecrf.cpp */,
				5482255119975FC700FA5BD0 /* densecrf.cpp */,
				5482255219975FC700FA5BD0 /* filter.cpp */,
				5482255319975FC700FA5BD0 /* permutohedral.cpp */,
				5482255419975FC700FA5BD0 /* util.cpp */,
				5482254A19975FAA00FA5BD0 /* bundle_adjustment.cpp */,
				5482254B19975FAA00FA5BD0 /* feature_tracking.cpp */,
				5482254C19975FAA00FA5BD0 /* plane_sweep.cpp */,
				54971DD519AA26E70064E4F8 /* debug.cpp */,
				54FB785E19BAD04600BD5A5A /* refocus.cpp */,
			);
			name = src;
			sourceTree = "<group>";
		};
/* End PBXGroup section */

/* Begin PBXNativeTarget section */
		54C1653919073AFF005E20F8 /* LensBlur */ = {
			isa = PBXNativeTarget;
			buildConfigurationList = 54C1656C19073B00005E20F8 /* Build configuration list for PBXNativeTarget "LensBlur" */;
			buildPhases = (
				F0CF36E5D1414342A56034B9 /* Check Pods Manifest.lock */,
				54C1653619073AFF005E20F8 /* Sources */,
				54C1653719073AFF005E20F8 /* Frameworks */,
				54C1653819073AFF005E20F8 /* Resources */,
				6572633E6B054EE3B6851DEC /* Copy Pods Resources */,
			);
			buildRules = (
			);
			dependencies = (
			);
			name = LensBlur;
			productName = LensBlur;
			productReference = 54C1653A19073AFF005E20F8 /* LensBlur.app */;
			productType = "com.apple.product-type.application";
		};
		54C1655A19073B00005E20F8 /* LensBlurTests */ = {
			isa = PBXNativeTarget;
			buildConfigurationList = 54C1656F19073B00005E20F8 /* Build configuration list for PBXNativeTarget "LensBlurTests" */;
			buildPhases = (
				54C1655719073B00005E20F8 /* Sources */,
				54C1655819073B00005E20F8 /* Frameworks */,
				54C1655919073B00005E20F8 /* Resources */,
			);
			buildRules = (
			);
			dependencies = (
				54C1656119073B00005E20F8 /* PBXTargetDependency */,
			);
			name = LensBlurTests;
			productName = LensBlurTests;
			productReference = 54C1655B19073B00005E20F8 /* LensBlurTests.xctest */;
			productType = "com.apple.product-type.bundle.unit-test";
		};
/* End PBXNativeTarget section */

/* Begin PBXProject section */
		54C1653219073AFF005E20F8 /* Project object */ = {
			isa = PBXProject;
			attributes = {
				CLASSPREFIX = TKD;
				LastUpgradeCheck = 0510;
				ORGANIZATIONNAME = "Yuichi Takeda";
				TargetAttributes = {
					54C1655A19073B00005E20F8 = {
						TestTargetID = 54C1653919073AFF005E20F8;
					};
				};
			};
			buildConfigurationList = 54C1653519073AFF005E20F8 /* Build configuration list for PBXProject "LensBlur" */;
			compatibilityVersion = "Xcode 3.2";
			developmentRegion = English;
			hasScannedForEncodings = 0;
			knownRegions = (
				en,
				Base,
			);
			mainGroup = 54C1653119073AFF005E20F8;
			productRefGroup = 54C1653B19073AFF005E20F8 /* Products */;
			projectDirPath = "";
			projectRoot = "";
			targets = (
				54C1653919073AFF005E20F8 /* LensBlur */,
				54C1655A19073B00005E20F8 /* LensBlurTests */,
			);
		};
/* End PBXProject section */

/* Begin PBXResourcesBuildPhase section */
		54C1653819073AFF005E20F8 /* Resources */ = {
			isa = PBXResourcesBuildPhase;
			buildActionMask = 2147483647;
			files = (
				54FB783819B5D71700BD5A5A /* TKDCountDownGuide.xib in Resources */,
				54FB783019B5D4F500BD5A5A /* TKDHowToUseGuide.xib in Resources */,
				5482254319975D3900FA5BD0 /* eigen in Resources */,
				54C1655619073AFF005E20F8 /* Images.xcassets in Resources */,
				54C1654819073AFF005E20F8 /* InfoPlist.strings in Resources */,
				5482254419975D3900FA5BD0 /* include in Resources */,
				54C1655119073AFF005E20F8 /* Main.storyboard in Resources */,
				54FB782619B5740A00BD5A5A /* LensBlur.storyboard in Resources */,
			);
			runOnlyForDeploymentPostprocessing = 0;
		};
		54C1655919073B00005E20F8 /* Resources */ = {
			isa = PBXResourcesBuildPhase;
			buildActionMask = 2147483647;
			files = (
				54C1656719073B00005E20F8 /* InfoPlist.strings in Resources */,
			);
			runOnlyForDeploymentPostprocessing = 0;
		};
/* End PBXResourcesBuildPhase section */

/* Begin PBXShellScriptBuildPhase section */
		6572633E6B054EE3B6851DEC /* Copy Pods Resources */ = {
			isa = PBXShellScriptBuildPhase;
			buildActionMask = 2147483647;
			files = (
			);
			inputPaths = (
			);
			name = "Copy Pods Resources";
			outputPaths = (
			);
			runOnlyForDeploymentPostprocessing = 0;
			shellPath = /bin/sh;
			shellScript = "\"${SRCROOT}/Pods/Pods-resources.sh\"\n";
			showEnvVarsInLog = 0;
		};
		F0CF36E5D1414342A56034B9 /* Check Pods Manifest.lock */ = {
			isa = PBXShellScriptBuildPhase;
			buildActionMask = 2147483647;
			files = (
			);
			inputPaths = (
			);
			name = "Check Pods Manifest.lock";
			outputPaths = (
			);
			runOnlyForDeploymentPostprocessing = 0;
			shellPath = /bin/sh;
			shellScript = "diff \"${PODS_ROOT}/../Podfile.lock\" \"${PODS_ROOT}/Manifest.lock\" > /dev/null\nif [[ $? != 0 ]] ; then\n    cat << EOM\nerror: The sandbox is not in sync with the Podfile.lock. Run 'pod install' or update your CocoaPods installation.\nEOM\n    exit 1\nfi\n";
			showEnvVarsInLog = 0;
		};
/* End PBXShellScriptBuildPhase section */

/* Begin PBXSourcesBuildPhase section */
		54C1653619073AFF005E20F8 /* Sources */ = {
			isa = PBXSourcesBuildPhase;
			buildActionMask = 2147483647;
			files = (
				5482255519975FC700FA5BD0 /* bipartitedensecrf.cpp in Sources */,
				5482255619975FC700FA5BD0 /* densecrf.cpp in Sources */,
				5412C13019BAD426000A73AE /* TKDImageConverter.mm in Sources */,
				545FF06D19AA16E7003B6681 /* TKDNewRecordViewController.m in Sources */,
				5482255719975FC700FA5BD0 /* filter.cpp in Sources */,
				54971DD619AA26E70064E4F8 /* debug.cpp in Sources */,
				54FB785F19BAD04600BD5A5A /* refocus.cpp in Sources */,
				545FF06A19A9EB2C003B6681 /* TKDRecordDataSource.m in Sources */,
				54FB782919B5750000BD5A5A /* TKDLensBlurCaptureViewController.m in Sources */,
				54FB783619B5D6D800BD5A5A /* TKDCountDownGuide.m in Sources */,
				5482255819975FC700FA5BD0 /* permutohedral.cpp in Sources */,
				54FB782E19B5D4E100BD5A5A /* TKDHowToUseGuide.m in Sources */,
				5482255919975FC700FA5BD0 /* util.cpp in Sources */,
				5482254D19975FAA00FA5BD0 /* bundle_adjustment.cpp in Sources */,
				5482254E19975FAA00FA5BD0 /* feature_tracking.cpp in Sources */,
				5482254F19975FAA00FA5BD0 /* plane_sweep.cpp in Sources */,
				54FB783319B5D5AD00BD5A5A /* TKDGuideView.m in Sources */,
				54971DD919AC41240064E4F8 /* TKDRecordViewerViewController.m in Sources */,
				54C1654E19073AFF005E20F8 /* TKDAppDelegate.m in Sources */,
				5482253B1997401400FA5BD0 /* TKDPreviewView.m in Sources */,
				54C1654A19073AFF005E20F8 /* main.m in Sources */,
				54FB786219BAD06500BD5A5A /* TKDAsyncRefoucs.mm in Sources */,
				54FB783B19B5E92700BD5A5A /* TKDLensBlurEditViewController.m in Sources */,
				548225381997377B00FA5BD0 /* TKDDepthEstimator.mm in Sources */,
				545FF06719A9EAAD003B6681 /* TKDRecordTableViewController.m in Sources */,
			);
			runOnlyForDeploymentPostprocessing = 0;
		};
		54C1655719073B00005E20F8 /* Sources */ = {
			isa = PBXSourcesBuildPhase;
			buildActionMask = 2147483647;
			files = (
				54C1656919073B00005E20F8 /* LensBlurTests.m in Sources */,
			);
			runOnlyForDeploymentPostprocessing = 0;
		};
/* End PBXSourcesBuildPhase section */

/* Begin PBXTargetDependency section */
		54C1656119073B00005E20F8 /* PBXTargetDependency */ = {
			isa = PBXTargetDependency;
			target = 54C1653919073AFF005E20F8 /* LensBlur */;
			targetProxy = 54C1656019073B00005E20F8 /* PBXContainerItemProxy */;
		};
/* End PBXTargetDependency section */

/* Begin PBXVariantGroup section */
		54C1654619073AFF005E20F8 /* InfoPlist.strings */ = {
			isa = PBXVariantGroup;
			children = (
				54C1654719073AFF005E20F8 /* en */,
			);
			name = InfoPlist.strings;
			sourceTree = "<group>";
		};
		54C1654F19073AFF005E20F8 /* Main.storyboard */ = {
			isa = PBXVariantGroup;
			children = (
				54C1655019073AFF005E20F8 /* Base */,
			);
			name = Main.storyboard;
			sourceTree = "<group>";
		};
		54C1656519073B00005E20F8 /* InfoPlist.strings */ = {
			isa = PBXVariantGroup;
			children = (
				54C1656619073B00005E20F8 /* en */,
			);
			name = InfoPlist.strings;
			sourceTree = "<group>";
		};
/* End PBXVariantGroup section */

/* Begin XCBuildConfiguration section */
		54C1656A19073B00005E20F8 /* Debug */ = {
			isa = XCBuildConfiguration;
			buildSettings = {
				ALWAYS_SEARCH_USER_PATHS = NO;
				CLANG_CXX_LANGUAGE_STANDARD = "gnu++0x";
				CLANG_CXX_LIBRARY = "libc++";
				CLANG_ENABLE_MODULES = YES;
				CLANG_ENABLE_OBJC_ARC = YES;
				CLANG_WARN_BOOL_CONVERSION = YES;
				CLANG_WARN_CONSTANT_CONVERSION = YES;
				CLANG_WARN_DIRECT_OBJC_ISA_USAGE = YES_ERROR;
				CLANG_WARN_EMPTY_BODY = YES;
				CLANG_WARN_ENUM_CONVERSION = YES;
				CLANG_WARN_INT_CONVERSION = YES;
				CLANG_WARN_OBJC_ROOT_CLASS = YES_ERROR;
				CLANG_WARN__DUPLICATE_METHOD_MATCH = YES;
				"CODE_SIGN_IDENTITY[sdk=iphoneos*]" = "iPhone Developer";
				COPY_PHASE_STRIP = NO;
				GCC_C_LANGUAGE_STANDARD = gnu99;
				GCC_DYNAMIC_NO_PIC = NO;
				GCC_OPTIMIZATION_LEVEL = fast;
				GCC_PREPROCESSOR_DEFINITIONS = (
					"DEBUG=1",
					"$(inherited)",
				);
				GCC_SYMBOLS_PRIVATE_EXTERN = NO;
				GCC_WARN_64_TO_32_BIT_CONVERSION = YES;
				GCC_WARN_ABOUT_RETURN_TYPE = YES_ERROR;
				GCC_WARN_UNDECLARED_SELECTOR = YES;
				GCC_WARN_UNINITIALIZED_AUTOS = YES_AGGRESSIVE;
				GCC_WARN_UNUSED_FUNCTION = YES;
				GCC_WARN_UNUSED_VARIABLE = YES;
				IPHONEOS_DEPLOYMENT_TARGET = 7.1;
				ONLY_ACTIVE_ARCH = YES;
				SDKROOT = iphoneos;
			};
			name = Debug;
		};
		54C1656B19073B00005E20F8 /* Release */ = {
			isa = XCBuildConfiguration;
			buildSettings = {
				ALWAYS_SEARCH_USER_PATHS = NO;
				CLANG_CXX_LANGUAGE_STANDARD = "gnu++0x";
				CLANG_CXX_LIBRARY = "libc++";
				CLANG_ENABLE_MODULES = YES;
				CLANG_ENABLE_OBJC_ARC = YES;
				CLANG_WARN_BOOL_CONVERSION = YES;
				CLANG_WARN_CONSTANT_CONVERSION = YES;
				CLANG_WARN_DIRECT_OBJC_ISA_USAGE = YES_ERROR;
				CLANG_WARN_EMPTY_BODY = YES;
				CLANG_WARN_ENUM_CONVERSION = YES;
				CLANG_WARN_INT_CONVERSION = YES;
				CLANG_WARN_OBJC_ROOT_CLASS = YES_ERROR;
				CLANG_WARN__DUPLICATE_METHOD_MATCH = YES;
				"CODE_SIGN_IDENTITY[sdk=iphoneos*]" = "iPhone Developer";
				COPY_PHASE_STRIP = YES;
				ENABLE_NS_ASSERTIONS = NO;
				GCC_C_LANGUAGE_STANDARD = gnu99;
				GCC_WARN_64_TO_32_BIT_CONVERSION = YES;
				GCC_WARN_ABOUT_RETURN_TYPE = YES_ERROR;
				GCC_WARN_UNDECLARED_SELECTOR = YES;
				GCC_WARN_UNINITIALIZED_AUTOS = YES_AGGRESSIVE;
				GCC_WARN_UNUSED_FUNCTION = YES;
				GCC_WARN_UNUSED_VARIABLE = YES;
				IPHONEOS_DEPLOYMENT_TARGET = 7.1;
				SDKROOT = iphoneos;
				VALIDATE_PRODUCT = YES;
			};
			name = Release;
		};
		54C1656D19073B00005E20F8 /* Debug */ = {
			isa = XCBuildConfiguration;
			baseConfigurationReference = 34823DE6731B465DA94B0273 /* Pods.xcconfig */;
			buildSettings = {
				ASSETCATALOG_COMPILER_APPICON_NAME = AppIcon;
				ASSETCATALOG_COMPILER_LAUNCHIMAGE_NAME = LaunchImage;
				GCC_OPTIMIZATION_LEVEL = fast;
				GCC_PRECOMPILE_PREFIX_HEADER = YES;
				GCC_PREFIX_HEADER = "LensBlur/LensBlur-Prefix.pch";
				INFOPLIST_FILE = "LensBlur/LensBlur-Info.plist";
				IPHONEOS_DEPLOYMENT_TARGET = 7.0;
				PRODUCT_NAME = "$(TARGET_NAME)";
				USER_HEADER_SEARCH_PATHS = "$(PROJECT_DIR)/lib/include $(PROJECT_DIR)/lib/eigen";
				WRAPPER_EXTENSION = app;
			};
			name = Debug;
		};
		54C1656E19073B00005E20F8 /* Release */ = {
			isa = XCBuildConfiguration;
			baseConfigurationReference = 34823DE6731B465DA94B0273 /* Pods.xcconfig */;
			buildSettings = {
				ASSETCATALOG_COMPILER_APPICON_NAME = AppIcon;
				ASSETCATALOG_COMPILER_LAUNCHIMAGE_NAME = LaunchImage;
				GCC_OPTIMIZATION_LEVEL = fast;
				GCC_PRECOMPILE_PREFIX_HEADER = YES;
				GCC_PREFIX_HEADER = "LensBlur/LensBlur-Prefix.pch";
				INFOPLIST_FILE = "LensBlur/LensBlur-Info.plist";
				IPHONEOS_DEPLOYMENT_TARGET = 7.0;
				PRODUCT_NAME = "$(TARGET_NAME)";
				USER_HEADER_SEARCH_PATHS = "$(PROJECT_DIR)/lib/include $(PROJECT_DIR)/lib/eigen";
				WRAPPER_EXTENSION = app;
			};
			name = Release;
		};
		54C1657019073B00005E20F8 /* Debug */ = {
			isa = XCBuildConfiguration;
			buildSettings = {
				BUNDLE_LOADER = "$(BUILT_PRODUCTS_DIR)/LensBlur.app/LensBlur";
				FRAMEWORK_SEARCH_PATHS = (
					"$(SDKROOT)/Developer/Library/Frameworks",
					"$(inherited)",
					"$(DEVELOPER_FRAMEWORKS_DIR)",
				);
				GCC_PRECOMPILE_PREFIX_HEADER = YES;
				GCC_PREFIX_HEADER = "LensBlur/LensBlur-Prefix.pch";
				GCC_PREPROCESSOR_DEFINITIONS = (
					"DEBUG=1",
					"$(inherited)",
				);
				INFOPLIST_FILE = "LensBlurTests/LensBlurTests-Info.plist";
				PRODUCT_NAME = "$(TARGET_NAME)";
				TEST_HOST = "$(BUNDLE_LOADER)";
				WRAPPER_EXTENSION = xctest;
			};
			name = Debug;
		};
		54C1657119073B00005E20F8 /* Release */ = {
			isa = XCBuildConfiguration;
			buildSettings = {
				BUNDLE_LOADER = "$(BUILT_PRODUCTS_DIR)/LensBlur.app/LensBlur";
				FRAMEWORK_SEARCH_PATHS = (
					"$(SDKROOT)/Developer/Library/Frameworks",
					"$(inherited)",
					"$(DEVELOPER_FRAMEWORKS_DIR)",
				);
				GCC_PRECOMPILE_PREFIX_HEADER = YES;
				GCC_PREFIX_HEADER = "LensBlur/LensBlur-Prefix.pch";
				INFOPLIST_FILE = "LensBlurTests/LensBlurTests-Info.plist";
				PRODUCT_NAME = "$(TARGET_NAME)";
				TEST_HOST = "$(BUNDLE_LOADER)";
				WRAPPER_EXTENSION = xctest;
			};
			name = Release;
		};
/* End XCBuildConfiguration section */

/* Begin XCConfigurationList section */
		54C1653519073AFF005E20F8 /* Build configuration list for PBXProject "LensBlur" */ = {
			isa = XCConfigurationList;
			buildConfigurations = (
				54C1656A19073B00005E20F8 /* Debug */,
				54C1656B19073B00005E20F8 /* Release */,
			);
			defaultConfigurationIsVisible = 0;
			defaultConfigurationName = Release;
		};
		54C1656C19073B00005E20F8 /* Build configuration list for PBXNativeTarget "LensBlur" */ = {
			isa = XCConfigurationList;
			buildConfigurations = (
				54C1656D19073B00005E20F8 /* Debug */,
				54C1656E19073B00005E20F8 /* Release */,
			);
			defaultConfigurationIsVisible = 0;
			defaultConfigurationName = Release;
		};
		54C1656F19073B00005E20F8 /* Build configuration list for PBXNativeTarget "LensBlurTests" */ = {
			isa = XCConfigurationList;
			buildConfigurations = (
				54C1657019073B00005E20F8 /* Debug */,
				54C1657119073B00005E20F8 /* Release */,
			);
			defaultConfigurationIsVisible = 0;
			defaultConfigurationName = Release;
		};
/* End XCConfigurationList section */
	};
	rootObject = 54C1653219073AFF005E20F8 /* Project object */;
}
